
Microsoft Visual Studio Solution File, Format Version 12.00
# Visual Studio Version 17
VisualStudioVersion = 17.10.34928.147
MinimumVisualStudioVersion = 10.0.40219.1
Project("{2150E333-8FDC-42A3-9474-1A3956D46DE8}") = "Services", "Services", "{0CD91EF6-1B8B-48B7-AD3C-8BA2DAE56F27}"
EndProject
Project("{2150E333-8FDC-42A3-9474-1A3956D46DE8}") = "Catalog", "Catalog", "{0942B11A-553F-4123-A811-8D1CF9DAD641}"
EndProject
Project("{2150E333-8FDC-42A3-9474-1A3956D46DE8}") = "tests", "tests", "{3AA77B4C-1EF7-4657-8087-2CC2EE762885}"
EndProject
Project("{2150E333-8FDC-42A3-9474-1A3956D46DE8}") = "src", "src", "{5FA9E1C2-7F51-408B-A8AA-D7C5C5A96746}"
EndProject
Project("{2150E333-8FDC-42A3-9474-1A3956D46DE8}") = "Services", "Services", "{5E8277F1-230F-4463-B015-66ED9BD7961D}"
EndProject
Project("{9A19103F-16F7-4668-BE54-9A1E7A4F7556}") = "Catalog.API", "src\Services\Catalog\Catalog.API\Catalog.API.csproj", "{20FC4391-E555-47FF-8F1A-C9AB19D68956}"
EndProject
Project("{9A19103F-16F7-4668-BE54-9A1E7A4F7556}") = "Catalog.Infrastructure", "src\Services\Catalog\Catalog.Infrastructure\Catalog.Infrastructure.csproj", "{EFE73C97-BF69-4E7D-8988-F4BD7024EB46}"
EndProject
Project("{9A19103F-16F7-4668-BE54-9A1E7A4F7556}") = "Catalog.Domain", "src\Services\Catalog\Catalog.Domain\Catalog.Domain.csproj", "{57097FCF-3C14-4B0C-86D2-B36FE999904D}"
EndProject
Project("{2150E333-8FDC-42A3-9474-1A3956D46DE8}") = "Catalog", "Catalog", "{FE8380D9-42FF-4E98-911F-FBFD689FF322}"
EndProject
Project("{9A19103F-16F7-4668-BE54-9A1E7A4F7556}") = "Catalog.Application", "src\Services\Catalog\Catalog.Application\Catalog.Application.csproj", "{5F104D6F-E156-4C8F-8198-A0377B3B5B5C}"
EndProject
Project("{9A19103F-16F7-4668-BE54-9A1E7A4F7556}") = "Catalog.Infrastructure.Test", "tests\Services\Catalog\Catalog.Infrastructure.Test\Catalog.Infrastructure.Test.csproj", "{1483CF0D-D750-4429-8B5D-C7CF4D0758A0}"
EndProject
Project("{9A19103F-16F7-4668-BE54-9A1E7A4F7556}") = "Catalog.Application.Test", "tests\Services\Catalog\Catalog.Application.Test\Catalog.Application.Test.csproj", "{6C6EE5E2-AB79-452D-8314-51982C057E80}"
EndProject
Project("{FAE04EC0-301F-11D3-BF4B-00C04F79EFBC}") = "Catalog.API.Test", "tests\Services\Catalog\Catalog.API.Test\Catalog.API.Test.csproj", "{C0EB4ED9-EDF2-4954-ADC1-C45FD46BF857}"
EndProject
Global
	GlobalSection(SolutionConfigurationPlatforms) = preSolution
		Debug|Any CPU = Debug|Any CPU
		Release|Any CPU = Release|Any CPU
	EndGlobalSection
	GlobalSection(ProjectConfigurationPlatforms) = postSolution
		{20FC4391-E555-47FF-8F1A-C9AB19D68956}.Debug|Any CPU.ActiveCfg = Debug|Any CPU
		{20FC4391-E555-47FF-8F1A-C9AB19D68956}.Debug|Any CPU.Build.0 = Debug|Any CPU
		{20FC4391-E555-47FF-8F1A-C9AB19D68956}.Release|Any CPU.ActiveCfg = Release|Any CPU
		{20FC4391-E555-47FF-8F1A-C9AB19D68956}.Release|Any CPU.Build.0 = Release|Any CPU
		{EFE73C97-BF69-4E7D-8988-F4BD7024EB46}.Debug|Any CPU.ActiveCfg = Debug|Any CPU
		{EFE73C97-BF69-4E7D-8988-F4BD7024EB46}.Debug|Any CPU.Build.0 = Debug|Any CPU
		{EFE73C97-BF69-4E7D-8988-F4BD7024EB46}.Release|Any CPU.ActiveCfg = Release|Any CPU
		{EFE73C97-BF69-4E7D-8988-F4BD7024EB46}.Release|Any CPU.Build.0 = Release|Any CPU
		{57097FCF-3C14-4B0C-86D2-B36FE999904D}.Debug|Any CPU.ActiveCfg = Debug|Any CPU
		{57097FCF-3C14-4B0C-86D2-B36FE999904D}.Debug|Any CPU.Build.0 = Debug|Any CPU
		{57097FCF-3C14-4B0C-86D2-B36FE999904D}.Release|Any CPU.ActiveCfg = Release|Any CPU
		{57097FCF-3C14-4B0C-86D2-B36FE999904D}.Release|Any CPU.Build.0 = Release|Any CPU
		{5F104D6F-E156-4C8F-8198-A0377B3B5B5C}.Debug|Any CPU.ActiveCfg = Debug|Any CPU
		{5F104D6F-E156-4C8F-8198-A0377B3B5B5C}.Debug|Any CPU.Build.0 = Debug|Any CPU
		{5F104D6F-E156-4C8F-8198-A0377B3B5B5C}.Release|Any CPU.ActiveCfg = Release|Any CPU
		{5F104D6F-E156-4C8F-8198-A0377B3B5B5C}.Release|Any CPU.Build.0 = Release|Any CPU
		{1483CF0D-D750-4429-8B5D-C7CF4D0758A0}.Debug|Any CPU.ActiveCfg = Debug|Any CPU
		{1483CF0D-D750-4429-8B5D-C7CF4D0758A0}.Debug|Any CPU.Build.0 = Debug|Any CPU
		{1483CF0D-D750-4429-8B5D-C7CF4D0758A0}.Release|Any CPU.ActiveCfg = Release|Any CPU
		{1483CF0D-D750-4429-8B5D-C7CF4D0758A0}.Release|Any CPU.Build.0 = Release|Any CPU
		{6C6EE5E2-AB79-452D-8314-51982C057E80}.Debug|Any CPU.ActiveCfg = Debug|Any CPU
		{6C6EE5E2-AB79-452D-8314-51982C057E80}.Debug|Any CPU.Build.0 = Debug|Any CPU
		{6C6EE5E2-AB79-452D-8314-51982C057E80}.Release|Any CPU.ActiveCfg = Release|Any CPU
		{6C6EE5E2-AB79-452D-8314-51982C057E80}.Release|Any CPU.Build.0 = Release|Any CPU
		{C0EB4ED9-EDF2-4954-ADC1-C45FD46BF857}.Debug|Any CPU.ActiveCfg = Debug|Any CPU
		{C0EB4ED9-EDF2-4954-ADC1-C45FD46BF857}.Debug|Any CPU.Build.0 = Debug|Any CPU
		{C0EB4ED9-EDF2-4954-ADC1-C45FD46BF857}.Release|Any CPU.ActiveCfg = Release|Any CPU
		{C0EB4ED9-EDF2-4954-ADC1-C45FD46BF857}.Release|Any CPU.Build.0 = Release|Any CPU
	EndGlobalSection
	GlobalSection(SolutionProperties) = preSolution
		HideSolutionNode = FALSE
	EndGlobalSection
	GlobalSection(NestedProjects) = preSolution
		{0CD91EF6-1B8B-48B7-AD3C-8BA2DAE56F27} = {5FA9E1C2-7F51-408B-A8AA-D7C5C5A96746}
		{0942B11A-553F-4123-A811-8D1CF9DAD641} = {0CD91EF6-1B8B-48B7-AD3C-8BA2DAE56F27}
		{5E8277F1-230F-4463-B015-66ED9BD7961D} = {3AA77B4C-1EF7-4657-8087-2CC2EE762885}
		{20FC4391-E555-47FF-8F1A-C9AB19D68956} = {0942B11A-553F-4123-A811-8D1CF9DAD641}
		{EFE73C97-BF69-4E7D-8988-F4BD7024EB46} = {0942B11A-553F-4123-A811-8D1CF9DAD641}
		{57097FCF-3C14-4B0C-86D2-B36FE999904D} = {0942B11A-553F-4123-A811-8D1CF9DAD641}
		{FE8380D9-42FF-4E98-911F-FBFD689FF322} = {5E8277F1-230F-4463-B015-66ED9BD7961D}
		{5F104D6F-E156-4C8F-8198-A0377B3B5B5C} = {0942B11A-553F-4123-A811-8D1CF9DAD641}
		{1483CF0D-D750-4429-8B5D-C7CF4D0758A0} = {FE8380D9-42FF-4E98-911F-FBFD689FF322}
		{6C6EE5E2-AB79-452D-8314-51982C057E80} = {FE8380D9-42FF-4E98-911F-FBFD689FF322}
		{C0EB4ED9-EDF2-4954-ADC1-C45FD46BF857} = {FE8380D9-42FF-4E98-911F-FBFD689FF322}
	EndGlobalSection
	GlobalSection(ExtensibilityGlobals) = postSolution
		SolutionGuid = {85BCE768-5965-4318-9398-F155701DD968}
	EndGlobalSection
EndGlobal
