
Microsoft Visual Studio Solution File, Format Version 12.00
# Visual Studio Version 17
VisualStudioVersion = 17.10.34928.147
MinimumVisualStudioVersion = 10.0.40219.1
Project("{2150E333-8FDC-42A3-9474-1A3956D46DE8}") = "Services", "Services", "{0CD91EF6-1B8B-48B7-AD3C-8BA2DAE56F27}"
EndProject
Project("{2150E333-8FDC-42A3-9474-1A3956D46DE8}") = "Catalog", "Catalog", "{0942B11A-553F-4123-A811-8D1CF9DAD641}"
EndProject
Project("{2150E333-8FDC-42A3-9474-1A3956D46DE8}") = "tests", "tests", "{3AA77B4C-1EF7-4657-8087-2CC2EE762885}"
EndProject
Project("{2150E333-8FDC-42A3-9474-1A3956D46DE8}") = "src", "src", "{5FA9E1C2-7F51-408B-A8AA-D7C5C5A96746}"
EndProject
Project("{2150E333-8FDC-42A3-9474-1A3956D46DE8}") = "Services", "Services", "{5E8277F1-230F-4463-B015-66ED9BD7961D}"
EndProject
Project("{9A19103F-16F7-4668-BE54-9A1E7A4F7556}") = "Catalog.API", "src\Services\Catalog\Catalog.API\Catalog.API.csproj", "{20FC4391-E555-47FF-8F1A-C9AB19D68956}"
EndProject
Project("{9A19103F-16F7-4668-BE54-9A1E7A4F7556}") = "Catalog.Infrastructure", "src\Services\Catalog\Catalog.Infrastructure\Catalog.Infrastructure.csproj", "{EFE73C97-BF69-4E7D-8988-F4BD7024EB46}"
EndProject
Project("{9A19103F-16F7-4668-BE54-9A1E7A4F7556}") = "Catalog.Domain", "src\Services\Catalog\Catalog.Domain\Catalog.Domain.csproj", "{57097FCF-3C14-4B0C-86D2-B36FE999904D}"
EndProject
Project("{2150E333-8FDC-42A3-9474-1A3956D46DE8}") = "Catalog", "Catalog", "{FE8380D9-42FF-4E98-911F-FBFD689FF322}"
EndProject
Project("{9A19103F-16F7-4668-BE54-9A1E7A4F7556}") = "Catalog.Application", "src\Services\Catalog\Catalog.Application\Catalog.Application.csproj", "{5F104D6F-E156-4C8F-8198-A0377B3B5B5C}"
EndProject
Project("{9A19103F-16F7-4668-BE54-9A1E7A4F7556}") = "Catalog.Infrastructure.Test", "tests\Services\Catalog\Catalog.Infrastructure.Test\Catalog.Infrastructure.Test.csproj", "{1483CF0D-D750-4429-8B5D-C7CF4D0758A0}"
EndProject
Project("{9A19103F-16F7-4668-BE54-9A1E7A4F7556}") = "Catalog.Application.Test", "tests\Services\Catalog\Catalog.Application.Test\Catalog.Application.Test.csproj", "{6C6EE5E2-AB79-452D-8314-51982C057E80}"
EndProject
Project("{9A19103F-16F7-4668-BE54-9A1E7A4F7556}") = "Catalog.API.Test", "tests\Services\Catalog\Catalog.API.Test\Catalog.API.Test.csproj", "{C0EB4ED9-EDF2-4954-ADC1-C45FD46BF857}"
EndProject
Project("{2150E333-8FDC-42A3-9474-1A3956D46DE8}") = "Basket", "Basket", "{10225F75-D40C-4BD4-9937-8B926B12847B}"
EndProject
Project("{9A19103F-16F7-4668-BE54-9A1E7A4F7556}") = "Basket.Domain", "src\Services\Basket\Basket.Domain\Basket.Domain.csproj", "{25CE6383-6E92-4953-8980-066B67496CAF}"
EndProject
Project("{9A19103F-16F7-4668-BE54-9A1E7A4F7556}") = "Basket.API", "src\Services\Basket\Basket.API\Basket.API.csproj", "{03BB22BC-8F1F-45EC-902E-80E75F69E3D3}"
EndProject
Project("{9A19103F-16F7-4668-BE54-9A1E7A4F7556}") = "Basket.Application", "src\Services\Basket\Basket.Application\Basket.Application.csproj", "{D2A37ABD-7C4B-41D0-BCFA-25795ECAE775}"
EndProject
Project("{9A19103F-16F7-4668-BE54-9A1E7A4F7556}") = "Basket.Infrastructure", "src\Services\Basket\Basket.Infrastructure\Basket.Infrastructure.csproj", "{A1BEF4B4-F992-45A7-A794-BBD3F938F656}"
EndProject
Project("{2150E333-8FDC-42A3-9474-1A3956D46DE8}") = "Basket", "Basket", "{DB57A760-1298-49D6-9090-1E676D145074}"
EndProject
Project("{9A19103F-16F7-4668-BE54-9A1E7A4F7556}") = "Basket.Application.Test", "tests\Services\Basket\Basket.Application.Test\Basket.Application.Test.csproj", "{38BC11D9-42FA-48B4-B8F6-D7F1DB77B6B6}"
EndProject
Project("{2150E333-8FDC-42A3-9474-1A3956D46DE8}") = "Discount", "Discount", "{9A4BCD83-F0A1-435E-812C-5C4C2742E2DC}"
EndProject
Project("{9A19103F-16F7-4668-BE54-9A1E7A4F7556}") = "Discount.Domain", "src\Services\Discount\Discount.Domain\Discount.Domain.csproj", "{85EA7D7C-38DA-4692-84F9-F7C6857CBE20}"
EndProject
Project("{9A19103F-16F7-4668-BE54-9A1E7A4F7556}") = "Discount.API", "src\Services\Discount\Discount.API\Discount.API.csproj", "{0980FAB7-6B97-441A-99FA-D69B679C3055}"
EndProject
Project("{9A19103F-16F7-4668-BE54-9A1E7A4F7556}") = "Discount.Application", "src\Services\Discount\Discount.Application\Discount.Application.csproj", "{72712731-7DBC-4065-AD75-FEEEADBABA73}"
EndProject
Project("{9A19103F-16F7-4668-BE54-9A1E7A4F7556}") = "Discount.Infrastructure", "src\Services\Discount\Discount.Infrastructure\Discount.Infrastructure.csproj", "{140BDF1A-1D41-4806-946F-939F1540ACC1}"
EndProject
Project("{2150E333-8FDC-42A3-9474-1A3956D46DE8}") = "Discount", "Discount", "{53CC1E72-72B6-46E8-9173-176AF076E42E}"
EndProject
Project("{9A19103F-16F7-4668-BE54-9A1E7A4F7556}") = "Discount.Application.Test", "tests\Services\Discount\Discount.Application.Test\Discount.Application.Test.csproj", "{98213083-9D57-4473-889C-4FA7AD990A67}"
EndProject
Project("{2150E333-8FDC-42A3-9474-1A3956D46DE8}") = "Ordering", "Ordering", "{52A02005-6028-48EC-8FA8-11E021F5D354}"
EndProject
Project("{9A19103F-16F7-4668-BE54-9A1E7A4F7556}") = "Ordering.Domain", "src\Services\Ordering\Ordering.Domain\Ordering.Domain.csproj", "{C3DE39B8-F65F-443F-B05E-13A2DA51E56A}"
EndProject
Project("{9A19103F-16F7-4668-BE54-9A1E7A4F7556}") = "Ordering.Infrastructure", "src\Services\Ordering\Ordering.Infrastructure\Ordering.Infrastructure.csproj", "{9E7CAC64-0ACA-4A6E-AB93-C7ADA1A433B0}"
EndProject
Project("{9A19103F-16F7-4668-BE54-9A1E7A4F7556}") = "Ordering.API", "src\Services\Ordering\Ordering.API\Ordering.API.csproj", "{392B7B99-021F-45EB-824E-60E65F88240E}"
EndProject
Project("{9A19103F-16F7-4668-BE54-9A1E7A4F7556}") = "Ordering.Application", "src\Services\Ordering\Ordering.Application\Ordering.Application.csproj", "{19A80C01-0763-4DE6-9756-9BC563451FA3}"
EndProject
Project("{FAE04EC0-301F-11D3-BF4B-00C04F79EFBC}") = "Basket.API.Test", "tests\Services\Basket\Basket.API.Test\Basket.API.Test.csproj", "{77C568AE-7467-409F-92C7-898B15993D8C}"
EndProject
Global
	GlobalSection(SolutionConfigurationPlatforms) = preSolution
		Debug|Any CPU = Debug|Any CPU
		Release|Any CPU = Release|Any CPU
	EndGlobalSection
	GlobalSection(ProjectConfigurationPlatforms) = postSolution
		{20FC4391-E555-47FF-8F1A-C9AB19D68956}.Debug|Any CPU.ActiveCfg = Debug|Any CPU
		{20FC4391-E555-47FF-8F1A-C9AB19D68956}.Debug|Any CPU.Build.0 = Debug|Any CPU
		{20FC4391-E555-47FF-8F1A-C9AB19D68956}.Release|Any CPU.ActiveCfg = Release|Any CPU
		{20FC4391-E555-47FF-8F1A-C9AB19D68956}.Release|Any CPU.Build.0 = Release|Any CPU
		{EFE73C97-BF69-4E7D-8988-F4BD7024EB46}.Debug|Any CPU.ActiveCfg = Debug|Any CPU
		{EFE73C97-BF69-4E7D-8988-F4BD7024EB46}.Debug|Any CPU.Build.0 = Debug|Any CPU
		{EFE73C97-BF69-4E7D-8988-F4BD7024EB46}.Release|Any CPU.ActiveCfg = Release|Any CPU
		{EFE73C97-BF69-4E7D-8988-F4BD7024EB46}.Release|Any CPU.Build.0 = Release|Any CPU
		{57097FCF-3C14-4B0C-86D2-B36FE999904D}.Debug|Any CPU.ActiveCfg = Debug|Any CPU
		{57097FCF-3C14-4B0C-86D2-B36FE999904D}.Debug|Any CPU.Build.0 = Debug|Any CPU
		{57097FCF-3C14-4B0C-86D2-B36FE999904D}.Release|Any CPU.ActiveCfg = Release|Any CPU
		{57097FCF-3C14-4B0C-86D2-B36FE999904D}.Release|Any CPU.Build.0 = Release|Any CPU
		{5F104D6F-E156-4C8F-8198-A0377B3B5B5C}.Debug|Any CPU.ActiveCfg = Debug|Any CPU
		{5F104D6F-E156-4C8F-8198-A0377B3B5B5C}.Debug|Any CPU.Build.0 = Debug|Any CPU
		{5F104D6F-E156-4C8F-8198-A0377B3B5B5C}.Release|Any CPU.ActiveCfg = Release|Any CPU
		{5F104D6F-E156-4C8F-8198-A0377B3B5B5C}.Release|Any CPU.Build.0 = Release|Any CPU
		{1483CF0D-D750-4429-8B5D-C7CF4D0758A0}.Debug|Any CPU.ActiveCfg = Debug|Any CPU
		{1483CF0D-D750-4429-8B5D-C7CF4D0758A0}.Debug|Any CPU.Build.0 = Debug|Any CPU
		{1483CF0D-D750-4429-8B5D-C7CF4D0758A0}.Release|Any CPU.ActiveCfg = Release|Any CPU
		{1483CF0D-D750-4429-8B5D-C7CF4D0758A0}.Release|Any CPU.Build.0 = Release|Any CPU
		{6C6EE5E2-AB79-452D-8314-51982C057E80}.Debug|Any CPU.ActiveCfg = Debug|Any CPU
		{6C6EE5E2-AB79-452D-8314-51982C057E80}.Debug|Any CPU.Build.0 = Debug|Any CPU
		{6C6EE5E2-AB79-452D-8314-51982C057E80}.Release|Any CPU.ActiveCfg = Release|Any CPU
		{6C6EE5E2-AB79-452D-8314-51982C057E80}.Release|Any CPU.Build.0 = Release|Any CPU
		{C0EB4ED9-EDF2-4954-ADC1-C45FD46BF857}.Debug|Any CPU.ActiveCfg = Debug|Any CPU
		{C0EB4ED9-EDF2-4954-ADC1-C45FD46BF857}.Debug|Any CPU.Build.0 = Debug|Any CPU
		{C0EB4ED9-EDF2-4954-ADC1-C45FD46BF857}.Release|Any CPU.ActiveCfg = Release|Any CPU
		{C0EB4ED9-EDF2-4954-ADC1-C45FD46BF857}.Release|Any CPU.Build.0 = Release|Any CPU
		{25CE6383-6E92-4953-8980-066B67496CAF}.Debug|Any CPU.ActiveCfg = Debug|Any CPU
		{25CE6383-6E92-4953-8980-066B67496CAF}.Debug|Any CPU.Build.0 = Debug|Any CPU
		{25CE6383-6E92-4953-8980-066B67496CAF}.Release|Any CPU.ActiveCfg = Release|Any CPU
		{25CE6383-6E92-4953-8980-066B67496CAF}.Release|Any CPU.Build.0 = Release|Any CPU
		{03BB22BC-8F1F-45EC-902E-80E75F69E3D3}.Debug|Any CPU.ActiveCfg = Debug|Any CPU
		{03BB22BC-8F1F-45EC-902E-80E75F69E3D3}.Debug|Any CPU.Build.0 = Debug|Any CPU
		{03BB22BC-8F1F-45EC-902E-80E75F69E3D3}.Release|Any CPU.ActiveCfg = Release|Any CPU
		{03BB22BC-8F1F-45EC-902E-80E75F69E3D3}.Release|Any CPU.Build.0 = Release|Any CPU
		{D2A37ABD-7C4B-41D0-BCFA-25795ECAE775}.Debug|Any CPU.ActiveCfg = Debug|Any CPU
		{D2A37ABD-7C4B-41D0-BCFA-25795ECAE775}.Debug|Any CPU.Build.0 = Debug|Any CPU
		{D2A37ABD-7C4B-41D0-BCFA-25795ECAE775}.Release|Any CPU.ActiveCfg = Release|Any CPU
		{D2A37ABD-7C4B-41D0-BCFA-25795ECAE775}.Release|Any CPU.Build.0 = Release|Any CPU
		{A1BEF4B4-F992-45A7-A794-BBD3F938F656}.Debug|Any CPU.ActiveCfg = Debug|Any CPU
		{A1BEF4B4-F992-45A7-A794-BBD3F938F656}.Debug|Any CPU.Build.0 = Debug|Any CPU
		{A1BEF4B4-F992-45A7-A794-BBD3F938F656}.Release|Any CPU.ActiveCfg = Release|Any CPU
		{A1BEF4B4-F992-45A7-A794-BBD3F938F656}.Release|Any CPU.Build.0 = Release|Any CPU
		{38BC11D9-42FA-48B4-B8F6-D7F1DB77B6B6}.Debug|Any CPU.ActiveCfg = Debug|Any CPU
		{38BC11D9-42FA-48B4-B8F6-D7F1DB77B6B6}.Debug|Any CPU.Build.0 = Debug|Any CPU
		{38BC11D9-42FA-48B4-B8F6-D7F1DB77B6B6}.Release|Any CPU.ActiveCfg = Release|Any CPU
		{38BC11D9-42FA-48B4-B8F6-D7F1DB77B6B6}.Release|Any CPU.Build.0 = Release|Any CPU
		{85EA7D7C-38DA-4692-84F9-F7C6857CBE20}.Debug|Any CPU.ActiveCfg = Debug|Any CPU
		{85EA7D7C-38DA-4692-84F9-F7C6857CBE20}.Debug|Any CPU.Build.0 = Debug|Any CPU
		{85EA7D7C-38DA-4692-84F9-F7C6857CBE20}.Release|Any CPU.ActiveCfg = Release|Any CPU
		{85EA7D7C-38DA-4692-84F9-F7C6857CBE20}.Release|Any CPU.Build.0 = Release|Any CPU
		{0980FAB7-6B97-441A-99FA-D69B679C3055}.Debug|Any CPU.ActiveCfg = Debug|Any CPU
		{0980FAB7-6B97-441A-99FA-D69B679C3055}.Debug|Any CPU.Build.0 = Debug|Any CPU
		{0980FAB7-6B97-441A-99FA-D69B679C3055}.Release|Any CPU.ActiveCfg = Release|Any CPU
		{0980FAB7-6B97-441A-99FA-D69B679C3055}.Release|Any CPU.Build.0 = Release|Any CPU
		{72712731-7DBC-4065-AD75-FEEEADBABA73}.Debug|Any CPU.ActiveCfg = Debug|Any CPU
		{72712731-7DBC-4065-AD75-FEEEADBABA73}.Debug|Any CPU.Build.0 = Debug|Any CPU
		{72712731-7DBC-4065-AD75-FEEEADBABA73}.Release|Any CPU.ActiveCfg = Release|Any CPU
		{72712731-7DBC-4065-AD75-FEEEADBABA73}.Release|Any CPU.Build.0 = Release|Any CPU
		{140BDF1A-1D41-4806-946F-939F1540ACC1}.Debug|Any CPU.ActiveCfg = Debug|Any CPU
		{140BDF1A-1D41-4806-946F-939F1540ACC1}.Debug|Any CPU.Build.0 = Debug|Any CPU
		{140BDF1A-1D41-4806-946F-939F1540ACC1}.Release|Any CPU.ActiveCfg = Release|Any CPU
		{140BDF1A-1D41-4806-946F-939F1540ACC1}.Release|Any CPU.Build.0 = Release|Any CPU
		{98213083-9D57-4473-889C-4FA7AD990A67}.Debug|Any CPU.ActiveCfg = Debug|Any CPU
		{98213083-9D57-4473-889C-4FA7AD990A67}.Debug|Any CPU.Build.0 = Debug|Any CPU
		{98213083-9D57-4473-889C-4FA7AD990A67}.Release|Any CPU.ActiveCfg = Release|Any CPU
		{98213083-9D57-4473-889C-4FA7AD990A67}.Release|Any CPU.Build.0 = Release|Any CPU
		{C3DE39B8-F65F-443F-B05E-13A2DA51E56A}.Debug|Any CPU.ActiveCfg = Debug|Any CPU
		{C3DE39B8-F65F-443F-B05E-13A2DA51E56A}.Debug|Any CPU.Build.0 = Debug|Any CPU
		{C3DE39B8-F65F-443F-B05E-13A2DA51E56A}.Release|Any CPU.ActiveCfg = Release|Any CPU
		{C3DE39B8-F65F-443F-B05E-13A2DA51E56A}.Release|Any CPU.Build.0 = Release|Any CPU
		{9E7CAC64-0ACA-4A6E-AB93-C7ADA1A433B0}.Debug|Any CPU.ActiveCfg = Debug|Any CPU
		{9E7CAC64-0ACA-4A6E-AB93-C7ADA1A433B0}.Debug|Any CPU.Build.0 = Debug|Any CPU
		{9E7CAC64-0ACA-4A6E-AB93-C7ADA1A433B0}.Release|Any CPU.ActiveCfg = Release|Any CPU
		{9E7CAC64-0ACA-4A6E-AB93-C7ADA1A433B0}.Release|Any CPU.Build.0 = Release|Any CPU
		{392B7B99-021F-45EB-824E-60E65F88240E}.Debug|Any CPU.ActiveCfg = Debug|Any CPU
		{392B7B99-021F-45EB-824E-60E65F88240E}.Debug|Any CPU.Build.0 = Debug|Any CPU
		{392B7B99-021F-45EB-824E-60E65F88240E}.Release|Any CPU.ActiveCfg = Release|Any CPU
		{392B7B99-021F-45EB-824E-60E65F88240E}.Release|Any CPU.Build.0 = Release|Any CPU
		{19A80C01-0763-4DE6-9756-9BC563451FA3}.Debug|Any CPU.ActiveCfg = Debug|Any CPU
		{19A80C01-0763-4DE6-9756-9BC563451FA3}.Debug|Any CPU.Build.0 = Debug|Any CPU
		{19A80C01-0763-4DE6-9756-9BC563451FA3}.Release|Any CPU.ActiveCfg = Release|Any CPU
		{19A80C01-0763-4DE6-9756-9BC563451FA3}.Release|Any CPU.Build.0 = Release|Any CPU
		{77C568AE-7467-409F-92C7-898B15993D8C}.Debug|Any CPU.ActiveCfg = Debug|Any CPU
		{77C568AE-7467-409F-92C7-898B15993D8C}.Debug|Any CPU.Build.0 = Debug|Any CPU
		{77C568AE-7467-409F-92C7-898B15993D8C}.Release|Any CPU.ActiveCfg = Release|Any CPU
		{77C568AE-7467-409F-92C7-898B15993D8C}.Release|Any CPU.Build.0 = Release|Any CPU
	EndGlobalSection
	GlobalSection(SolutionProperties) = preSolution
		HideSolutionNode = FALSE
	EndGlobalSection
	GlobalSection(NestedProjects) = preSolution
		{0CD91EF6-1B8B-48B7-AD3C-8BA2DAE56F27} = {5FA9E1C2-7F51-408B-A8AA-D7C5C5A96746}
		{0942B11A-553F-4123-A811-8D1CF9DAD641} = {0CD91EF6-1B8B-48B7-AD3C-8BA2DAE56F27}
		{5E8277F1-230F-4463-B015-66ED9BD7961D} = {3AA77B4C-1EF7-4657-8087-2CC2EE762885}
		{20FC4391-E555-47FF-8F1A-C9AB19D68956} = {0942B11A-553F-4123-A811-8D1CF9DAD641}
		{EFE73C97-BF69-4E7D-8988-F4BD7024EB46} = {0942B11A-553F-4123-A811-8D1CF9DAD641}
		{57097FCF-3C14-4B0C-86D2-B36FE999904D} = {0942B11A-553F-4123-A811-8D1CF9DAD641}
		{FE8380D9-42FF-4E98-911F-FBFD689FF322} = {5E8277F1-230F-4463-B015-66ED9BD7961D}
		{5F104D6F-E156-4C8F-8198-A0377B3B5B5C} = {0942B11A-553F-4123-A811-8D1CF9DAD641}
		{1483CF0D-D750-4429-8B5D-C7CF4D0758A0} = {FE8380D9-42FF-4E98-911F-FBFD689FF322}
		{6C6EE5E2-AB79-452D-8314-51982C057E80} = {FE8380D9-42FF-4E98-911F-FBFD689FF322}
		{C0EB4ED9-EDF2-4954-ADC1-C45FD46BF857} = {FE8380D9-42FF-4E98-911F-FBFD689FF322}
		{10225F75-D40C-4BD4-9937-8B926B12847B} = {0CD91EF6-1B8B-48B7-AD3C-8BA2DAE56F27}
		{25CE6383-6E92-4953-8980-066B67496CAF} = {10225F75-D40C-4BD4-9937-8B926B12847B}
		{03BB22BC-8F1F-45EC-902E-80E75F69E3D3} = {10225F75-D40C-4BD4-9937-8B926B12847B}
		{D2A37ABD-7C4B-41D0-BCFA-25795ECAE775} = {10225F75-D40C-4BD4-9937-8B926B12847B}
		{A1BEF4B4-F992-45A7-A794-BBD3F938F656} = {10225F75-D40C-4BD4-9937-8B926B12847B}
		{DB57A760-1298-49D6-9090-1E676D145074} = {5E8277F1-230F-4463-B015-66ED9BD7961D}
		{38BC11D9-42FA-48B4-B8F6-D7F1DB77B6B6} = {DB57A760-1298-49D6-9090-1E676D145074}
		{9A4BCD83-F0A1-435E-812C-5C4C2742E2DC} = {0CD91EF6-1B8B-48B7-AD3C-8BA2DAE56F27}
		{85EA7D7C-38DA-4692-84F9-F7C6857CBE20} = {9A4BCD83-F0A1-435E-812C-5C4C2742E2DC}
		{0980FAB7-6B97-441A-99FA-D69B679C3055} = {9A4BCD83-F0A1-435E-812C-5C4C2742E2DC}
		{72712731-7DBC-4065-AD75-FEEEADBABA73} = {9A4BCD83-F0A1-435E-812C-5C4C2742E2DC}
		{140BDF1A-1D41-4806-946F-939F1540ACC1} = {9A4BCD83-F0A1-435E-812C-5C4C2742E2DC}
		{53CC1E72-72B6-46E8-9173-176AF076E42E} = {5E8277F1-230F-4463-B015-66ED9BD7961D}
		{98213083-9D57-4473-889C-4FA7AD990A67} = {53CC1E72-72B6-46E8-9173-176AF076E42E}
		{52A02005-6028-48EC-8FA8-11E021F5D354} = {0CD91EF6-1B8B-48B7-AD3C-8BA2DAE56F27}
		{C3DE39B8-F65F-443F-B05E-13A2DA51E56A} = {52A02005-6028-48EC-8FA8-11E021F5D354}
		{9E7CAC64-0ACA-4A6E-AB93-C7ADA1A433B0} = {52A02005-6028-48EC-8FA8-11E021F5D354}
		{392B7B99-021F-45EB-824E-60E65F88240E} = {52A02005-6028-48EC-8FA8-11E021F5D354}
		{19A80C01-0763-4DE6-9756-9BC563451FA3} = {52A02005-6028-48EC-8FA8-11E021F5D354}
		{77C568AE-7467-409F-92C7-898B15993D8C} = {DB57A760-1298-49D6-9090-1E676D145074}
	EndGlobalSection
	GlobalSection(ExtensibilityGlobals) = postSolution
		SolutionGuid = {85BCE768-5965-4318-9398-F155701DD968}
	EndGlobalSection
EndGlobal
